
Microsoft Visual Studio Solution File, Format Version 12.00
# Visual Studio Version 17
VisualStudioVersion = 17.0.31903.59
MinimumVisualStudioVersion = 10.0.40219.1
Project("{2150E333-8FDC-42A3-9474-1A3956D46DE8}") = "src", "src", "{044166AB-8743-4393-A7DE-28BEB8B68074}"
EndProject
Project("{FAE04EC0-301F-11D3-BF4B-00C04F79EFBC}") = "AuctionService", "src\AuctionService\AuctionService.csproj", "{CEF1504A-A034-41F9-9929-D453EF124BCA}"
EndProject
Project("{FAE04EC0-301F-11D3-BF4B-00C04F79EFBC}") = "SearchService", "src\SearchService\SearchService.csproj", "{DCD822FD-B23D-4647-A84B-530060FD48CD}"
EndProject
Project("{FAE04EC0-301F-11D3-BF4B-00C04F79EFBC}") = "Contracts", "src\Contracts\Contracts.csproj", "{E49D9453-5F04-4A27-B5E5-C223207597B5}"
EndProject
Project("{FAE04EC0-301F-11D3-BF4B-00C04F79EFBC}") = "IdentityService", "src\IdentityService\IdentityService.csproj", "{C77D7520-FA21-4835-9969-FE3EDA73879C}"
EndProject
Project("{FAE04EC0-301F-11D3-BF4B-00C04F79EFBC}") = "GatewayService", "src\GatewayService\GatewayService.csproj", "{80144ED9-BDAD-4511-9BA5-FA242C03D65B}"
EndProject
Project("{FAE04EC0-301F-11D3-BF4B-00C04F79EFBC}") = "BiddingService", "src\BiddingService\BiddingService.csproj", "{BB5C6292-04BA-4BD5-AE60-56FCDDC7362B}"
EndProject
Global
	GlobalSection(SolutionConfigurationPlatforms) = preSolution
		Debug|Any CPU = Debug|Any CPU
		Release|Any CPU = Release|Any CPU
	EndGlobalSection
	GlobalSection(SolutionProperties) = preSolution
		HideSolutionNode = FALSE
	EndGlobalSection
	GlobalSection(ProjectConfigurationPlatforms) = postSolution
		{CEF1504A-A034-41F9-9929-D453EF124BCA}.Debug|Any CPU.ActiveCfg = Debug|Any CPU
		{CEF1504A-A034-41F9-9929-D453EF124BCA}.Debug|Any CPU.Build.0 = Debug|Any CPU
		{CEF1504A-A034-41F9-9929-D453EF124BCA}.Release|Any CPU.ActiveCfg = Release|Any CPU
		{CEF1504A-A034-41F9-9929-D453EF124BCA}.Release|Any CPU.Build.0 = Release|Any CPU
		{DCD822FD-B23D-4647-A84B-530060FD48CD}.Debug|Any CPU.ActiveCfg = Debug|Any CPU
		{DCD822FD-B23D-4647-A84B-530060FD48CD}.Debug|Any CPU.Build.0 = Debug|Any CPU
		{DCD822FD-B23D-4647-A84B-530060FD48CD}.Release|Any CPU.ActiveCfg = Release|Any CPU
		{DCD822FD-B23D-4647-A84B-530060FD48CD}.Release|Any CPU.Build.0 = Release|Any CPU
		{E49D9453-5F04-4A27-B5E5-C223207597B5}.Debug|Any CPU.ActiveCfg = Debug|Any CPU
		{E49D9453-5F04-4A27-B5E5-C223207597B5}.Debug|Any CPU.Build.0 = Debug|Any CPU
		{E49D9453-5F04-4A27-B5E5-C223207597B5}.Release|Any CPU.ActiveCfg = Release|Any CPU
		{E49D9453-5F04-4A27-B5E5-C223207597B5}.Release|Any CPU.Build.0 = Release|Any CPU
		{C77D7520-FA21-4835-9969-FE3EDA73879C}.Debug|Any CPU.ActiveCfg = Debug|Any CPU
		{C77D7520-FA21-4835-9969-FE3EDA73879C}.Debug|Any CPU.Build.0 = Debug|Any CPU
		{C77D7520-FA21-4835-9969-FE3EDA73879C}.Release|Any CPU.ActiveCfg = Release|Any CPU
		{C77D7520-FA21-4835-9969-FE3EDA73879C}.Release|Any CPU.Build.0 = Release|Any CPU
		{80144ED9-BDAD-4511-9BA5-FA242C03D65B}.Debug|Any CPU.ActiveCfg = Debug|Any CPU
		{80144ED9-BDAD-4511-9BA5-FA242C03D65B}.Debug|Any CPU.Build.0 = Debug|Any CPU
		{80144ED9-BDAD-4511-9BA5-FA242C03D65B}.Release|Any CPU.ActiveCfg = Release|Any CPU
		{80144ED9-BDAD-4511-9BA5-FA242C03D65B}.Release|Any CPU.Build.0 = Release|Any CPU
		{BB5C6292-04BA-4BD5-AE60-56FCDDC7362B}.Debug|Any CPU.ActiveCfg = Debug|Any CPU
		{BB5C6292-04BA-4BD5-AE60-56FCDDC7362B}.Debug|Any CPU.Build.0 = Debug|Any CPU
		{BB5C6292-04BA-4BD5-AE60-56FCDDC7362B}.Release|Any CPU.ActiveCfg = Release|Any CPU
		{BB5C6292-04BA-4BD5-AE60-56FCDDC7362B}.Release|Any CPU.Build.0 = Release|Any CPU
	EndGlobalSection
	GlobalSection(NestedProjects) = preSolution
		{CEF1504A-A034-41F9-9929-D453EF124BCA} = {044166AB-8743-4393-A7DE-28BEB8B68074}
		{DCD822FD-B23D-4647-A84B-530060FD48CD} = {044166AB-8743-4393-A7DE-28BEB8B68074}
		{E49D9453-5F04-4A27-B5E5-C223207597B5} = {044166AB-8743-4393-A7DE-28BEB8B68074}
		{C77D7520-FA21-4835-9969-FE3EDA73879C} = {044166AB-8743-4393-A7DE-28BEB8B68074}
		{80144ED9-BDAD-4511-9BA5-FA242C03D65B} = {044166AB-8743-4393-A7DE-28BEB8B68074}
		{BB5C6292-04BA-4BD5-AE60-56FCDDC7362B} = {044166AB-8743-4393-A7DE-28BEB8B68074}
	EndGlobalSection
EndGlobal
